
Microsoft Visual Studio Solution File, Format Version 12.00
# Visual Studio 2017
Project("{FAE04EC0-301F-11D3-BF4B-00C04F79EFBC}") = "Paradox Wars - UI", "Paradox Wars - UI.csproj", "{6B7D6B04-B21E-2F80-1272-2930E92FFCC7}"
EndProject
Project("{FAE04EC0-301F-11D3-BF4B-00C04F79EFBC}") = "Paradox Wars - UI", "Paradox Wars - UI.csproj", "{6B7D6B04-B21E-2F80-1272-2930E92FFCC7}"
EndProject
Project("{FAE04EC0-301F-11D3-BF4B-00C04F79EFBC}") = "Paradox Wars - UI.Editor", "Paradox Wars - UI.Editor.csproj", "{1A039343-6E87-9BE9-1A9F-ED4A4EE3414B}"
EndProject
Project("{FAE04EC0-301F-11D3-BF4B-00C04F79EFBC}") = "Paradox Wars - UI.Editor", "Paradox Wars - UI.Editor.csproj", "{1A039343-6E87-9BE9-1A9F-ED4A4EE3414B}"
EndProject
Project("{FAE04EC0-301F-11D3-BF4B-00C04F79EFBC}") = "Paradox Wars - UI.Editor", "Paradox Wars - UI.Editor.csproj", "{1A039343-6E87-9BE9-1A9F-ED4A4EE3414B}"
EndProject
Global
	GlobalSection(SolutionConfigurationPlatforms) = preSolution
		Debug|Any CPU = Debug|Any CPU
		Release|Any CPU = Release|Any CPU
	EndGlobalSection
	GlobalSection(ProjectConfigurationPlatforms) = postSolution
		{6B7D6B04-B21E-2F80-1272-2930E92FFCC7}.Debug|Any CPU.ActiveCfg = Debug|Any CPU
		{6B7D6B04-B21E-2F80-1272-2930E92FFCC7}.Debug|Any CPU.Build.0 = Debug|Any CPU
		{6B7D6B04-B21E-2F80-1272-2930E92FFCC7}.Release|Any CPU.ActiveCfg = Release|Any CPU
		{6B7D6B04-B21E-2F80-1272-2930E92FFCC7}.Release|Any CPU.Build.0 = Release|Any CPU
		{6B7D6B04-B21E-2F80-1272-2930E92FFCC7}.Debug|Any CPU.ActiveCfg = Debug|Any CPU
		{6B7D6B04-B21E-2F80-1272-2930E92FFCC7}.Debug|Any CPU.Build.0 = Debug|Any CPU
		{6B7D6B04-B21E-2F80-1272-2930E92FFCC7}.Release|Any CPU.ActiveCfg = Release|Any CPU
		{6B7D6B04-B21E-2F80-1272-2930E92FFCC7}.Release|Any CPU.Build.0 = Release|Any CPU
		{1A039343-6E87-9BE9-1A9F-ED4A4EE3414B}.Debug|Any CPU.ActiveCfg = Debug|Any CPU
		{1A039343-6E87-9BE9-1A9F-ED4A4EE3414B}.Debug|Any CPU.Build.0 = Debug|Any CPU
		{1A039343-6E87-9BE9-1A9F-ED4A4EE3414B}.Release|Any CPU.ActiveCfg = Release|Any CPU
		{1A039343-6E87-9BE9-1A9F-ED4A4EE3414B}.Release|Any CPU.Build.0 = Release|Any CPU
		{1A039343-6E87-9BE9-1A9F-ED4A4EE3414B}.Debug|Any CPU.ActiveCfg = Debug|Any CPU
		{1A039343-6E87-9BE9-1A9F-ED4A4EE3414B}.Debug|Any CPU.Build.0 = Debug|Any CPU
		{1A039343-6E87-9BE9-1A9F-ED4A4EE3414B}.Release|Any CPU.ActiveCfg = Release|Any CPU
		{1A039343-6E87-9BE9-1A9F-ED4A4EE3414B}.Release|Any CPU.Build.0 = Release|Any CPU
		{1A039343-6E87-9BE9-1A9F-ED4A4EE3414B}.Debug|Any CPU.ActiveCfg = Debug|Any CPU
		{1A039343-6E87-9BE9-1A9F-ED4A4EE3414B}.Debug|Any CPU.Build.0 = Debug|Any CPU
		{1A039343-6E87-9BE9-1A9F-ED4A4EE3414B}.Release|Any CPU.ActiveCfg = Release|Any CPU
		{1A039343-6E87-9BE9-1A9F-ED4A4EE3414B}.Release|Any CPU.Build.0 = Release|Any CPU
	EndGlobalSection
	GlobalSection(SolutionProperties) = preSolution
		HideSolutionNode = FALSE
	EndGlobalSection
EndGlobal
